<?xml version="1.0" encoding="utf-8"?>
<Project ToolsVersion="4.0" xmlns="http://schemas.microsoft.com/developer/msbuild/2003">
  <ItemGroup>
    <Filter Include="Исходные файлы">
      <UniqueIdentifier>{4FC737F1-C7A5-4376-A066-2A32D752A2FF}</UniqueIdentifier>
      <Extensions>cpp;c;cc;cxx;c++;cppm;ixx;def;odl;idl;hpj;bat;asm;asmx</Extensions>
    </Filter>
    <Filter Include="Файлы заголовков">
      <UniqueIdentifier>{93995380-89BD-4b04-88EB-625FBE52EBFB}</UniqueIdentifier>
      <Extensions>h;hh;hpp;hxx;h++;hm;inl;inc;ipp;xsd</Extensions>
    </Filter>
    <Filter Include="Файлы ресурсов">
      <UniqueIdentifier>{67DA6AB6-F800-4c08-8B7A-83BB121AAD01}</UniqueIdentifier>
      <Extensions>rc;ico;cur;bmp;dlg;rc2;rct;bin;rgs;gif;jpg;jpeg;jpe;resx;tiff;tif;png;wav;mfcribbon-ms</Extensions>
    </Filter>
    <Filter Include="data">
      <UniqueIdentifier>{ad1f2891-fde9-4f62-a9d8-61d951d0820f}</UniqueIdentifier>
    </Filter>
    <Filter Include="Файлы ресурсов\testdata">
      <UniqueIdentifier>{c8fa939f-7b87-490b-b308-b0eeff5ecaa1}</UniqueIdentifier>
    </Filter>
    <Filter Include="Файлы ресурсов\testdata\test1">
      <UniqueIdentifier>{202bc576-39e4-445a-91b8-ac5afea62cce}</UniqueIdentifier>
    </Filter>
  </ItemGroup>
  <ItemGroup>
    <ClCompile Include="Source.cpp">
      <Filter>Исходные файлы</Filter>
    </ClCompile>
    <ClCompile Include="include\MyConverter.cpp">
      <Filter>Исходные файлы</Filter>
    </ClCompile>
    <ClCompile Include="include\Node.cpp">
      <Filter>Исходные файлы</Filter>
    </ClCompile>
    <ClCompile Include="include\StringUtils.cpp">
      <Filter>Исходные файлы</Filter>
    </ClCompile>
  </ItemGroup>
  <ItemGroup>
    <Xml Include="data\structure.xml">
      <Filter>data</Filter>
    </Xml>
    <Xml Include="testdata\test1\test1.xml">
      <Filter>Файлы ресурсов\testdata\test1</Filter>
    </Xml>
  </ItemGroup>
  <ItemGroup>
    <None Include="data\values.csv">
      <Filter>data</Filter>
    </None>
    <None Include="data\values.json">
      <Filter>data</Filter>
    </None>
    <None Include="testdata\test1\result1.json">
      <Filter>Файлы ресурсов\testdata\test1</Filter>
    </None>
    <None Include="testdata\test1\test1.csv">
      <Filter>Файлы ресурсов\testdata\test1</Filter>
    </None>
  </ItemGroup>
  <ItemGroup>
    <ClInclude Include="include\MyConverter.h">
      <Filter>Файлы заголовков</Filter>
    </ClInclude>
    <ClInclude Include="include\Node.h">
      <Filter>Файлы заголовков</Filter>
    </ClInclude>
    <ClInclude Include="include\StringUtils.h">
      <Filter>Файлы заголовков</Filter>
    </ClInclude>
  </ItemGroup>
</Project>